{
  "name": "babel-plugin-transform-react-jsx-prop-shorthand",
  "version": "0.0.1",
  "lockfileVersion": 3,
  "requires": true,
  "packages": {
    "": {
      "name": "babel-plugin-transform-react-jsx-prop-shorthand",
      "version": "0.0.1",
      "license": "MIT",
      "dependencies": {
        "@babel/parser": "file:C:/Users/user/Documents/PROJECTS/babel-clone/packages/babel-parser",
        "@babel/plugin-transform-react-jsx": "^7.25.9",
        "@babel/traverse": "file:C:/Users/user/Documents/PROJECTS/babel-clone/packages/babel-traverse",
        "@babel/types": "file:C:/Users/user/Documents/PROJECTS/babel-clone/packages/babel-types"
      },
      "peerDependencies": {
        "@babel/core": "file:C:/Users/user/Documents/PROJECTS/babel-clone/packages/babel-core"
      }
    },
    "../../../../PROJECTS/babel-clone/packages/babel-core": {
      "name": "@babel/core",
      "version": "7.26.10",
      "license": "MIT",
      "peer": true,
      "dependencies": {
        "@ampproject/remapping": "^2.2.0",
        "@babel/code-frame": "workspace:^",
        "@babel/generator": "workspace:^",
        "@babel/helper-compilation-targets": "workspace:^",
        "@babel/helper-module-transforms": "condition:BABEL_8_BREAKING ? : workspace:^",
        "@babel/helpers": "workspace:^",
        "@babel/parser": "workspace:^",
        "@babel/template": "workspace:^",
        "@babel/traverse": "workspace:^",
        "@babel/types": "workspace:^",
        "@types/gensync": "condition:BABEL_8_BREAKING ? ^1.0.0 :",
        "convert-source-map": "^2.0.0",
        "debug": "^4.1.0",
        "gensync": "^1.0.0-beta.2",
        "json5": "^2.2.3",
        "semver": "condition:BABEL_8_BREAKING ? ^7.3.4 : ^6.3.1"
      },
      "devDependencies": {
        "@babel/helper-transform-fixture-test-runner": "workspace:^",
        "@babel/plugin-syntax-flow": "workspace:^",
        "@babel/plugin-transform-flow-strip-types": "workspace:^",
        "@babel/plugin-transform-modules-commonjs": "workspace:^",
        "@babel/preset-env": "workspace:^",
        "@babel/preset-typescript": "workspace:^",
        "@jridgewell/trace-mapping": "^0.3.25",
        "@types/convert-source-map": "^2.0.0",
        "@types/debug": "^4.1.0",
        "@types/resolve": "^1.3.2",
        "@types/semver": "^5.4.0",
        "rimraf": "^3.0.0",
        "ts-node": "^11.0.0-beta.1"
      },
      "engines": {
        "node": ">=6.9.0"
      },
      "funding": {
        "type": "opencollective",
        "url": "https://opencollective.com/babel"
      }
    },
    "../../../../PROJECTS/babel-clone/packages/babel-parser": {
      "name": "@babel/parser",
      "version": "7.26.10",
      "license": "MIT",
      "dependencies": {
        "@babel/types": "workspace:^"
      },
      "bin": {
        "parser": "bin/babel-parser.js"
      },
      "devDependencies": {
        "@babel/code-frame": "workspace:^",
        "@babel/helper-check-duplicate-nodes": "workspace:^",
        "@babel/helper-fixtures": "workspace:^",
        "@babel/helper-string-parser": "workspace:^",
        "@babel/helper-validator-identifier": "workspace:^",
        "charcodes": "^0.2.0"
      },
      "engines": {
        "node": ">=6.0.0"
      }
    },
    "../../../../PROJECTS/babel-clone/packages/babel-traverse": {
      "version": "7.26.10",
      "license": "MIT",
      "dependencies": {
        "@babel/code-frame": "workspace:^",
        "@babel/generator": "workspace:^",
        "@babel/parser": "workspace:^",
        "@babel/template": "workspace:^",
        "@babel/types": "workspace:^",
        "debug": "^4.3.1",
        "globals": "condition:BABEL_8_BREAKING ? ^15.9.0 : ^11.1.0"
      },
      "devDependencies": {
        "@babel/core": "workspace:^",
        "@babel/helper-plugin-test-runner": "workspace:^"
      },
      "engines": {
        "node": ">=6.9.0"
      }
    },
    "../../../../PROJECTS/babel-clone/packages/babel-types": {
      "name": "@babel/types",
      "version": "7.26.10",
      "license": "MIT",
      "dependencies": {
        "@babel/helper-string-parser": "workspace:^",
        "@babel/helper-validator-identifier": "workspace:^"
      },
      "devDependencies": {
        "@babel/generator": "workspace:^",
        "@babel/parser": "workspace:^",
        "glob": "^7.2.0"
      },
      "engines": {
        "node": ">=6.9.0"
      }
    },
    "node_modules/@babel/core": {
      "resolved": "../../../../PROJECTS/babel-clone/packages/babel-core",
      "link": true
    },
    "node_modules/@babel/helper-annotate-as-pure": {
      "version": "7.25.9",
      "resolved": "https://registry.npmjs.org/@babel/helper-annotate-as-pure/-/helper-annotate-as-pure-7.25.9.tgz",
      "integrity": "sha512-gv7320KBUFJz1RnylIg5WWYPRXKZ884AGkYpgpWW02TH66Dl+HaC1t1CKd0z3R4b6hdYEcmrNZHUmfCP+1u3/g==",
      "license": "MIT",
      "dependencies": {
        "@babel/types": "^7.25.9"
      },
      "engines": {
        "node": ">=6.9.0"
      }
    },
    "node_modules/@babel/helper-module-imports": {
      "version": "7.25.9",
      "resolved": "https://registry.npmjs.org/@babel/helper-module-imports/-/helper-module-imports-7.25.9.tgz",
      "integrity": "sha512-tnUA4RsrmflIM6W6RFTLFSXITtl0wKjgpnLgXyowocVPrbYrLUXSBXDgTs8BlbmIzIdlBySRQjINYs2BAkiLtw==",
      "license": "MIT",
      "dependencies": {
        "@babel/traverse": "^7.25.9",
        "@babel/types": "^7.25.9"
      },
      "engines": {
        "node": ">=6.9.0"
      }
    },
    "node_modules/@babel/helper-plugin-utils": {
      "version": "7.26.5",
      "resolved": "https://registry.npmjs.org/@babel/helper-plugin-utils/-/helper-plugin-utils-7.26.5.tgz",
      "integrity": "sha512-RS+jZcRdZdRFzMyr+wcsaqOmld1/EqTghfaBGQQd/WnRdzdlvSZ//kF7U8VQTxf1ynZ4cjUcYgjVGx13ewNPMg==",
      "license": "MIT",
      "engines": {
        "node": ">=6.9.0"
      }
    },
    "node_modules/@babel/parser": {
      "resolved": "../../../../PROJECTS/babel-clone/packages/babel-parser",
      "link": true
    },
    "node_modules/@babel/plugin-syntax-jsx": {
      "version": "7.25.9",
      "resolved": "https://registry.npmjs.org/@babel/plugin-syntax-jsx/-/plugin-syntax-jsx-7.25.9.tgz",
      "integrity": "sha512-ld6oezHQMZsZfp6pWtbjaNDF2tiiCYYDqQszHt5VV437lewP9aSi2Of99CK0D0XB21k7FLgnLcmQKyKzynfeAA==",
      "license": "MIT",
      "dependencies": {
        "@babel/helper-plugin-utils": "^7.25.9"
      },
      "engines": {
        "node": ">=6.9.0"
      },
      "peerDependencies": {
        "@babel/core": "^7.0.0-0"
      }
    },
    "node_modules/@babel/plugin-transform-react-jsx": {
      "version": "7.25.9",
      "resolved": "https://registry.npmjs.org/@babel/plugin-transform-react-jsx/-/plugin-transform-react-jsx-7.25.9.tgz",
      "integrity": "sha512-s5XwpQYCqGerXl+Pu6VDL3x0j2d82eiV77UJ8a2mDHAW7j9SWRqQ2y1fNo1Z74CdcYipl5Z41zvjj4Nfzq36rw==",
      "license": "MIT",
      "dependencies": {
        "@babel/helper-annotate-as-pure": "^7.25.9",
        "@babel/helper-module-imports": "^7.25.9",
        "@babel/helper-plugin-utils": "^7.25.9",
        "@babel/plugin-syntax-jsx": "^7.25.9",
        "@babel/types": "^7.25.9"
      },
      "engines": {
        "node": ">=6.9.0"
      },
      "peerDependencies": {
        "@babel/core": "^7.0.0-0"
      }
    },
    "node_modules/@babel/traverse": {
      "resolved": "../../../../PROJECTS/babel-clone/packages/babel-traverse",
      "link": true
    },
    "node_modules/@babel/types": {
      "resolved": "../../../../PROJECTS/babel-clone/packages/babel-types",
      "link": true
    }
  }
}
